
Microsoft Visual Studio Solution File, Format Version 12.00
# Visual Studio Version 17
VisualStudioVersion = 17.3.32922.545
MinimumVisualStudioVersion = 10.0.40219.1
Project("{FAE04EC0-301F-11D3-BF4B-00C04F79EFBC}") = "ProgramVetores04", "ProgramVetores04\ProgramVetores04.csproj", "{26320A86-92AC-4EF9-B92B-51BD723CCA03}"
EndProject
Global
	GlobalSection(SolutionConfigurationPlatforms) = preSolution
		Debug|Any CPU = Debug|Any CPU
		Release|Any CPU = Release|Any CPU
	EndGlobalSection
	GlobalSection(ProjectConfigurationPlatforms) = postSolution
		{26320A86-92AC-4EF9-B92B-51BD723CCA03}.Debug|Any CPU.ActiveCfg = Debug|Any CPU
		{26320A86-92AC-4EF9-B92B-51BD723CCA03}.Debug|Any CPU.Build.0 = Debug|Any CPU
		{26320A86-92AC-4EF9-B92B-51BD723CCA03}.Release|Any CPU.ActiveCfg = Release|Any CPU
		{26320A86-92AC-4EF9-B92B-51BD723CCA03}.Release|Any CPU.Build.0 = Release|Any CPU
	EndGlobalSection
	GlobalSection(SolutionProperties) = preSolution
		HideSolutionNode = FALSE
	EndGlobalSection
	GlobalSection(ExtensibilityGlobals) = postSolution
		SolutionGuid = {CD2D87EE-51D4-49AD-BD50-83F39B0C992F}
	EndGlobalSection
EndGlobal
