
Microsoft Visual Studio Solution File, Format Version 12.00
# Visual Studio Version 17
VisualStudioVersion = 17.3.32922.545
MinimumVisualStudioVersion = 10.0.40219.1
Project("{FAE04EC0-301F-11D3-BF4B-00C04F79EFBC}") = "ProgramVetores06", "ProgramVetores06\ProgramVetores06.csproj", "{B38DE8BA-0570-4BAE-87AD-4E4553B08C8D}"
EndProject
Global
	GlobalSection(SolutionConfigurationPlatforms) = preSolution
		Debug|Any CPU = Debug|Any CPU
		Release|Any CPU = Release|Any CPU
	EndGlobalSection
	GlobalSection(ProjectConfigurationPlatforms) = postSolution
		{B38DE8BA-0570-4BAE-87AD-4E4553B08C8D}.Debug|Any CPU.ActiveCfg = Debug|Any CPU
		{B38DE8BA-0570-4BAE-87AD-4E4553B08C8D}.Debug|Any CPU.Build.0 = Debug|Any CPU
		{B38DE8BA-0570-4BAE-87AD-4E4553B08C8D}.Release|Any CPU.ActiveCfg = Release|Any CPU
		{B38DE8BA-0570-4BAE-87AD-4E4553B08C8D}.Release|Any CPU.Build.0 = Release|Any CPU
	EndGlobalSection
	GlobalSection(SolutionProperties) = preSolution
		HideSolutionNode = FALSE
	EndGlobalSection
	GlobalSection(ExtensibilityGlobals) = postSolution
		SolutionGuid = {0D25CDC4-6835-4023-944D-2930E2F083B5}
	EndGlobalSection
EndGlobal
